
Microsoft Visual Studio Solution File, Format Version 12.00
# Visual Studio Version 16
VisualStudioVersion = 16.0.29215.179
MinimumVisualStudioVersion = 10.0.40219.1
Project("{9A19103F-16F7-4668-BE54-9A1E7A4F7556}") = "PairProgrammingRest", "PairProgrammingRest\PairProgrammingRest.csproj", "{F9D6BEF0-B393-4E17-AB1F-36013E501375}"
EndProject
Project("{FAE04EC0-301F-11D3-BF4B-00C04F79EFBC}") = "MusicLib", "MusicLib\MusicLib.csproj", "{7021AEFC-AD48-4902-B377-6A2117B14D62}"
EndProject
Global
	GlobalSection(SolutionConfigurationPlatforms) = preSolution
		Debug|Any CPU = Debug|Any CPU
		Release|Any CPU = Release|Any CPU
	EndGlobalSection
	GlobalSection(ProjectConfigurationPlatforms) = postSolution
		{F9D6BEF0-B393-4E17-AB1F-36013E501375}.Debug|Any CPU.ActiveCfg = Debug|Any CPU
		{F9D6BEF0-B393-4E17-AB1F-36013E501375}.Debug|Any CPU.Build.0 = Debug|Any CPU
		{F9D6BEF0-B393-4E17-AB1F-36013E501375}.Release|Any CPU.ActiveCfg = Release|Any CPU
		{F9D6BEF0-B393-4E17-AB1F-36013E501375}.Release|Any CPU.Build.0 = Release|Any CPU
		{7021AEFC-AD48-4902-B377-6A2117B14D62}.Debug|Any CPU.ActiveCfg = Debug|Any CPU
		{7021AEFC-AD48-4902-B377-6A2117B14D62}.Debug|Any CPU.Build.0 = Debug|Any CPU
		{7021AEFC-AD48-4902-B377-6A2117B14D62}.Release|Any CPU.ActiveCfg = Release|Any CPU
		{7021AEFC-AD48-4902-B377-6A2117B14D62}.Release|Any CPU.Build.0 = Release|Any CPU
	EndGlobalSection
	GlobalSection(SolutionProperties) = preSolution
		HideSolutionNode = FALSE
	EndGlobalSection
	GlobalSection(ExtensibilityGlobals) = postSolution
		SolutionGuid = {7B5B19A5-2CE1-4764-93BF-FAEEFCCAEE72}
	EndGlobalSection
EndGlobal
